
Microsoft Visual Studio Solution File, Format Version 12.00
# Visual Studio Version 17
VisualStudioVersion = 17.9.34701.34
MinimumVisualStudioVersion = 10.0.40219.1
Project("{9A19103F-16F7-4668-BE54-9A1E7A4F7556}") = "Bayesian adaptation", "Bayesian adaptation\Bayesian adaptation.csproj", "{9BDBC9A7-296D-4847-A26F-318C33AE0CB0}"
EndProject
Global
	GlobalSection(SolutionConfigurationPlatforms) = preSolution
		Debug|Any CPU = Debug|Any CPU
		Release|Any CPU = Release|Any CPU
	EndGlobalSection
	GlobalSection(ProjectConfigurationPlatforms) = postSolution
		{9BDBC9A7-296D-4847-A26F-318C33AE0CB0}.Debug|Any CPU.ActiveCfg = Debug|Any CPU
		{9BDBC9A7-296D-4847-A26F-318C33AE0CB0}.Debug|Any CPU.Build.0 = Debug|Any CPU
		{9BDBC9A7-296D-4847-A26F-318C33AE0CB0}.Release|Any CPU.ActiveCfg = Release|Any CPU
		{9BDBC9A7-296D-4847-A26F-318C33AE0CB0}.Release|Any CPU.Build.0 = Release|Any CPU
	EndGlobalSection
	GlobalSection(SolutionProperties) = preSolution
		HideSolutionNode = FALSE
	EndGlobalSection
	GlobalSection(ExtensibilityGlobals) = postSolution
		SolutionGuid = {CF47211A-A707-4A80-9245-1CDB54589800}
	EndGlobalSection
EndGlobal
